
Microsoft Visual Studio Solution File, Format Version 12.00
# Visual Studio Version 16
VisualStudioVersion = 16.0.31702.278
MinimumVisualStudioVersion = 10.0.40219.1
Project("{9A19103F-16F7-4668-BE54-9A1E7A4F7556}") = "WsCACC", "WsCACC.csproj", "{307924FD-DEB2-462E-AE5F-49DC4A0B0C31}"
EndProject
Global
	GlobalSection(SolutionConfigurationPlatforms) = preSolution
		Debug|Any CPU = Debug|Any CPU
		Release|Any CPU = Release|Any CPU
	EndGlobalSection
	GlobalSection(ProjectConfigurationPlatforms) = postSolution
		{307924FD-DEB2-462E-AE5F-49DC4A0B0C31}.Debug|Any CPU.ActiveCfg = Debug|Any CPU
		{307924FD-DEB2-462E-AE5F-49DC4A0B0C31}.Debug|Any CPU.Build.0 = Debug|Any CPU
		{307924FD-DEB2-462E-AE5F-49DC4A0B0C31}.Release|Any CPU.ActiveCfg = Release|Any CPU
		{307924FD-DEB2-462E-AE5F-49DC4A0B0C31}.Release|Any CPU.Build.0 = Release|Any CPU
	EndGlobalSection
	GlobalSection(SolutionProperties) = preSolution
		HideSolutionNode = FALSE
	EndGlobalSection
	GlobalSection(ExtensibilityGlobals) = postSolution
		SolutionGuid = {8D383195-AF19-4EFC-823C-0A1EED1A795A}
	EndGlobalSection
EndGlobal
